
Microsoft Visual Studio Solution File, Format Version 12.00
# Visual Studio Version 16
VisualStudioVersion = 16.0.31112.23
MinimumVisualStudioVersion = 10.0.40219.1
Project("{9A19103F-16F7-4668-BE54-9A1E7A4F7556}") = "AsanPardakht.IPG", "AsanPardakht.IPG\AsanPardakht.IPG.csproj", "{3B7487DE-BF9B-454D-9A1B-733E9A8CC234}"
EndProject
Project("{9A19103F-16F7-4668-BE54-9A1E7A4F7556}") = "AsanPardakht.IPG.AspNetCore", "AsanPardakht.IPG.AspNetCore\AsanPardakht.IPG.AspNetCore.csproj", "{7D2A040E-664F-4E21-82F3-09CB8A902427}"
EndProject
Project("{9A19103F-16F7-4668-BE54-9A1E7A4F7556}") = "ApIpgSample", "ApIpgSample\ApIpgSample.csproj", "{46B5352B-48CD-412D-AAC3-982F1A675F6D}"
EndProject
Project("{2150E333-8FDC-42A3-9474-1A3956D46DE8}") = "packages", "packages", "{01390491-FFD0-4500-AD86-2DBCE7034739}"
EndProject
Project("{2150E333-8FDC-42A3-9474-1A3956D46DE8}") = "samples", "samples", "{29A0E514-970F-4360-B042-DF2F54962023}"
	ProjectSection(SolutionItems) = preProject
		LICENSE.txt = LICENSE.txt
		README.md = README.md
	EndProjectSection
EndProject
Project("{2150E333-8FDC-42A3-9474-1A3956D46DE8}") = "cicd", "cicd", "{8B1DD792-0CD4-45E2-B378-A1753AD9A4FE}"
	ProjectSection(SolutionItems) = preProject
		.dockerignore = .dockerignore
		Dockerfile = Dockerfile
		jenkins\Jenkinsfile = jenkins\Jenkinsfile
	EndProjectSection
EndProject
Global
	GlobalSection(SolutionConfigurationPlatforms) = preSolution
		Debug|Any CPU = Debug|Any CPU
		Release|Any CPU = Release|Any CPU
	EndGlobalSection
	GlobalSection(ProjectConfigurationPlatforms) = postSolution
		{3B7487DE-BF9B-454D-9A1B-733E9A8CC234}.Debug|Any CPU.ActiveCfg = Debug|Any CPU
		{3B7487DE-BF9B-454D-9A1B-733E9A8CC234}.Debug|Any CPU.Build.0 = Debug|Any CPU
		{3B7487DE-BF9B-454D-9A1B-733E9A8CC234}.Release|Any CPU.ActiveCfg = Release|Any CPU
		{3B7487DE-BF9B-454D-9A1B-733E9A8CC234}.Release|Any CPU.Build.0 = Release|Any CPU
		{7D2A040E-664F-4E21-82F3-09CB8A902427}.Debug|Any CPU.ActiveCfg = Debug|Any CPU
		{7D2A040E-664F-4E21-82F3-09CB8A902427}.Debug|Any CPU.Build.0 = Debug|Any CPU
		{7D2A040E-664F-4E21-82F3-09CB8A902427}.Release|Any CPU.ActiveCfg = Release|Any CPU
		{7D2A040E-664F-4E21-82F3-09CB8A902427}.Release|Any CPU.Build.0 = Release|Any CPU
		{46B5352B-48CD-412D-AAC3-982F1A675F6D}.Debug|Any CPU.ActiveCfg = Debug|Any CPU
		{46B5352B-48CD-412D-AAC3-982F1A675F6D}.Debug|Any CPU.Build.0 = Debug|Any CPU
		{46B5352B-48CD-412D-AAC3-982F1A675F6D}.Release|Any CPU.ActiveCfg = Release|Any CPU
		{46B5352B-48CD-412D-AAC3-982F1A675F6D}.Release|Any CPU.Build.0 = Release|Any CPU
	EndGlobalSection
	GlobalSection(SolutionProperties) = preSolution
		HideSolutionNode = FALSE
	EndGlobalSection
	GlobalSection(NestedProjects) = preSolution
		{3B7487DE-BF9B-454D-9A1B-733E9A8CC234} = {01390491-FFD0-4500-AD86-2DBCE7034739}
		{7D2A040E-664F-4E21-82F3-09CB8A902427} = {01390491-FFD0-4500-AD86-2DBCE7034739}
		{46B5352B-48CD-412D-AAC3-982F1A675F6D} = {29A0E514-970F-4360-B042-DF2F54962023}
	EndGlobalSection
	GlobalSection(ExtensibilityGlobals) = postSolution
		SolutionGuid = {E567F4EE-528F-491B-9ADF-CB009B34F733}
	EndGlobalSection
EndGlobal
